
Microsoft Visual Studio Solution File, Format Version 12.00
# Visual Studio Version 16
VisualStudioVersion = 16.0.31729.503
MinimumVisualStudioVersion = 10.0.40219.1
Project("{FAE04EC0-301F-11D3-BF4B-00C04F79EFBC}") = "Uchet_uspevaemosti", "Uchet_uspevaemosti.csproj", "{7E0E46ED-6F70-428D-BEDB-1B3BD3BAB091}"
EndProject
Global
	GlobalSection(SolutionConfigurationPlatforms) = preSolution
		Debug|Any CPU = Debug|Any CPU
		Release|Any CPU = Release|Any CPU
	EndGlobalSection
	GlobalSection(ProjectConfigurationPlatforms) = postSolution
		{7E0E46ED-6F70-428D-BEDB-1B3BD3BAB091}.Debug|Any CPU.ActiveCfg = Debug|Any CPU
		{7E0E46ED-6F70-428D-BEDB-1B3BD3BAB091}.Debug|Any CPU.Build.0 = Debug|Any CPU
		{7E0E46ED-6F70-428D-BEDB-1B3BD3BAB091}.Release|Any CPU.ActiveCfg = Release|Any CPU
		{7E0E46ED-6F70-428D-BEDB-1B3BD3BAB091}.Release|Any CPU.Build.0 = Release|Any CPU
	EndGlobalSection
	GlobalSection(SolutionProperties) = preSolution
		HideSolutionNode = FALSE
	EndGlobalSection
	GlobalSection(ExtensibilityGlobals) = postSolution
		SolutionGuid = {285C7945-2030-454D-8A8B-512DBF73AD30}
	EndGlobalSection
EndGlobal
